# THIS IS AN AUTOGENERATED FILE. DO NOT EDIT THIS FILE DIRECTLY.
# yarn lockfile v1


"@splidejs/splide@^4.1.4":
  "integrity" "sha512-5I30evTJcAJQXt6vJ26g2xEkG+l1nXcpEw4xpKh0/FWQ8ozmAeTbtniVtVmz2sH1Es3vgfC4SS8B2X4o5JMptA=="
  "resolved" "https://registry.npmjs.org/@splidejs/splide/-/splide-4.1.4.tgz"
  "version" "4.1.4"

"swiper@^11.1.10":
  "integrity" "sha512-pAVM6vCb6bumj2B9aSh67l3wP1j5YR8dPQM1YhQKMpnBc33vs+RpyVz6NZYZl/ZopCBSYbbWK5nvESwbmU0QXQ=="
  "resolved" "https://registry.npmjs.org/swiper/-/swiper-11.1.10.tgz"
  "version" "11.1.10"
